
Microsoft Visual Studio Solution File, Format Version 12.00
# Visual Studio Version 16
VisualStudioVersion = 16.0.31005.135
MinimumVisualStudioVersion = 10.0.40219.1
Project("{FAE04EC0-301F-11D3-BF4B-00C04F79EFBC}") = "MagicVilla_VillaAPI", "MagicVilla_VillaAPI\MagicVilla_VillaAPI.csproj", "{E5B952D8-4781-4253-AF56-25C7D044AB0B}"
EndProject
Global
	GlobalSection(SolutionConfigurationPlatforms) = preSolution
		Debug|Any CPU = Debug|Any CPU
		Release|Any CPU = Release|Any CPU
	EndGlobalSection
	GlobalSection(ProjectConfigurationPlatforms) = postSolution
		{E5B952D8-4781-4253-AF56-25C7D044AB0B}.Debug|Any CPU.ActiveCfg = Debug|Any CPU
		{E5B952D8-4781-4253-AF56-25C7D044AB0B}.Debug|Any CPU.Build.0 = Debug|Any CPU
		{E5B952D8-4781-4253-AF56-25C7D044AB0B}.Release|Any CPU.ActiveCfg = Release|Any CPU
		{E5B952D8-4781-4253-AF56-25C7D044AB0B}.Release|Any CPU.Build.0 = Release|Any CPU
	EndGlobalSection
	GlobalSection(SolutionProperties) = preSolution
		HideSolutionNode = FALSE
	EndGlobalSection
	GlobalSection(ExtensibilityGlobals) = postSolution
		SolutionGuid = {EA877319-53EE-41A2-BE47-D212BC015602}
	EndGlobalSection
EndGlobal
